// !$*UTF8*$!
{
	archiveVersion = 1;
	classes = {
	};
	objectVersion = 48;
	objects = {

/* Begin PBXBuildFile section */
		14028E6A201E6F320060565A /* PopoverCinemaCell.swift in Sources */ = {isa = PBXBuildFile; fileRef = 14028E69201E6F320060565A /* PopoverCinemaCell.swift */; };
		14028E6C201E71D20060565A /* CinemaPopoverController.swift in Sources */ = {isa = PBXBuildFile; fileRef = 14028E6B201E71D20060565A /* CinemaPopoverController.swift */; };
		1411F8A62018675B00B8394E /* MovieInTheatreController.swift in Sources */ = {isa = PBXBuildFile; fileRef = 1411F8A52018675B00B8394E /* MovieInTheatreController.swift */; };
		1411F8A8201867B700B8394E /* MovieCell.swift in Sources */ = {isa = PBXBuildFile; fileRef = 1411F8A7201867B700B8394E /* MovieCell.swift */; };
		1411F8AA20187A3F00B8394E /* MovieInTheatrePopoverController.swift in Sources */ = {isa = PBXBuildFile; fileRef = 1411F8A920187A3F00B8394E /* MovieInTheatrePopoverController.swift */; };
		1411F8AC20187AA300B8394E /* PopoverMovieCell.swift in Sources */ = {isa = PBXBuildFile; fileRef = 1411F8AB20187AA300B8394E /* PopoverMovieCell.swift */; };
		141698F520154949006F69DC /* GoogleService-Info.plist in Resources */ = {isa = PBXBuildFile; fileRef = 141698F420154949006F69DC /* GoogleService-Info.plist */; };
		1468BCD820106DC9005142E2 /* AppDelegate.swift in Sources */ = {isa = PBXBuildFile; fileRef = 1468BCD720106DC9005142E2 /* AppDelegate.swift */; };
		1468BCDD20106DC9005142E2 /* Main.storyboard in Resources */ = {isa = PBXBuildFile; fileRef = 1468BCDB20106DC9005142E2 /* Main.storyboard */; };
		1468BCDF20106DC9005142E2 /* Assets.xcassets in Resources */ = {isa = PBXBuildFile; fileRef = 1468BCDE20106DC9005142E2 /* Assets.xcassets */; };
		1468BCE220106DC9005142E2 /* LaunchScreen.storyboard in Resources */ = {isa = PBXBuildFile; fileRef = 1468BCE020106DC9005142E2 /* LaunchScreen.storyboard */; };
		1468BCED20106DC9005142E2 /* Cinematic_AdminTests.swift in Sources */ = {isa = PBXBuildFile; fileRef = 1468BCEC20106DC9005142E2 /* Cinematic_AdminTests.swift */; };
		1468BCF820106DC9005142E2 /* Cinematic_AdminUITests.swift in Sources */ = {isa = PBXBuildFile; fileRef = 1468BCF720106DC9005142E2 /* Cinematic_AdminUITests.swift */; };
		146A2F2120183A33000C8F37 /* CinemaCell.swift in Sources */ = {isa = PBXBuildFile; fileRef = 146A2F2020183A33000C8F37 /* CinemaCell.swift */; };
		146A2F2320183A96000C8F37 /* TheatreCell.swift in Sources */ = {isa = PBXBuildFile; fileRef = 146A2F2220183A96000C8F37 /* TheatreCell.swift */; };
		146A2F2520183B0D000C8F37 /* CinemaController.swift in Sources */ = {isa = PBXBuildFile; fileRef = 146A2F2420183B0D000C8F37 /* CinemaController.swift */; };
		146A2F2720183B67000C8F37 /* TheatreController.swift in Sources */ = {isa = PBXBuildFile; fileRef = 146A2F2620183B67000C8F37 /* TheatreController.swift */; };
		1473D041201E4DB000494595 /* DashboardController.swift in Sources */ = {isa = PBXBuildFile; fileRef = 1473D040201E4DB000494595 /* DashboardController.swift */; };
		1473D043201E4EF000494595 /* DashboardCell.swift in Sources */ = {isa = PBXBuildFile; fileRef = 1473D042201E4EF000494595 /* DashboardCell.swift */; };
		148C03782020C0E600BBB717 /* TheatrePopoverController.swift in Sources */ = {isa = PBXBuildFile; fileRef = 148C03772020C0E600BBB717 /* TheatrePopoverController.swift */; };
		148C037A2020C13700BBB717 /* PopoverTheatreCell.swift in Sources */ = {isa = PBXBuildFile; fileRef = 148C03792020C13700BBB717 /* PopoverTheatreCell.swift */; };
		148C037C2020C8FD00BBB717 /* ShowtimesCell.swift in Sources */ = {isa = PBXBuildFile; fileRef = 148C037B2020C8FD00BBB717 /* ShowtimesCell.swift */; };
		14B0A188201073D200029764 /* MovieController.swift in Sources */ = {isa = PBXBuildFile; fileRef = 14B0A187201073D200029764 /* MovieController.swift */; };
		14B58FEA201F248400AB559C /* TheatreTypeController.swift in Sources */ = {isa = PBXBuildFile; fileRef = 14B58FE9201F248400AB559C /* TheatreTypeController.swift */; };
		14B58FEE201F2BB800AB559C /* PopoverTheatreTypeCell.swift in Sources */ = {isa = PBXBuildFile; fileRef = 14B58FED201F2BB700AB559C /* PopoverTheatreTypeCell.swift */; };
		14B58FF2201F301A00AB559C /* TheatreTypePopoverController.swift in Sources */ = {isa = PBXBuildFile; fileRef = 14B58FF1201F301A00AB559C /* TheatreTypePopoverController.swift */; };
		14BB2D30201A511400CA57E0 /* Extensions.swift in Sources */ = {isa = PBXBuildFile; fileRef = 14BB2D2F201A511400CA57E0 /* Extensions.swift */; };
		14BB2D32201A63B800CA57E0 /* Models.swift in Sources */ = {isa = PBXBuildFile; fileRef = 14BB2D31201A63B800CA57E0 /* Models.swift */; };
		14FC9EE6202F597B00E70CAF /* OrderController.swift in Sources */ = {isa = PBXBuildFile; fileRef = 14FC9EE4202F597A00E70CAF /* OrderController.swift */; };
		14FC9EE7202F597B00E70CAF /* ScannerViewController.swift in Sources */ = {isa = PBXBuildFile; fileRef = 14FC9EE5202F597A00E70CAF /* ScannerViewController.swift */; };
		14FC9EEA202F7D6300E70CAF /* OrderCell.swift in Sources */ = {isa = PBXBuildFile; fileRef = 14FC9EE9202F7D6300E70CAF /* OrderCell.swift */; };
		7BC00E542E0DD6F9A4F0D061 /* Pods_Cinematic_Admin.framework in Frameworks */ = {isa = PBXBuildFile; fileRef = C861AE371D49C6A1F3C4CFB9 /* Pods_Cinematic_Admin.framework */; };
		A5EAE3652D2C576A69F9E792 /* Pods_Cinematic_AdminUITests.framework in Frameworks */ = {isa = PBXBuildFile; fileRef = B3862FFB75B93DFA50C2CB2F /* Pods_Cinematic_AdminUITests.framework */; };
		E84B5A8AE72FADD94FD50926 /* Pods_Cinematic_AdminTests.framework in Frameworks */ = {isa = PBXBuildFile; fileRef = 3E46981A7BF41C81B3D3994C /* Pods_Cinematic_AdminTests.framework */; };
/* End PBXBuildFile section */

/* Begin PBXContainerItemProxy section */
		1468BCE920106DC9005142E2 /* PBXContainerItemProxy */ = {
			isa = PBXContainerItemProxy;
			containerPortal = 1468BCCC20106DC9005142E2 /* Project object */;
			proxyType = 1;
			remoteGlobalIDString = 1468BCD320106DC9005142E2;
			remoteInfo = "Cinematic Admin";
		};
		1468BCF420106DC9005142E2 /* PBXContainerItemProxy */ = {
			isa = PBXContainerItemProxy;
			containerPortal = 1468BCCC20106DC9005142E2 /* Project object */;
			proxyType = 1;
			remoteGlobalIDString = 1468BCD320106DC9005142E2;
			remoteInfo = "Cinematic Admin";
		};
/* End PBXContainerItemProxy section */

/* Begin PBXFileReference section */
		14028E69201E6F320060565A /* PopoverCinemaCell.swift */ = {isa = PBXFileReference; lastKnownFileType = sourcecode.swift; path = PopoverCinemaCell.swift; sourceTree = "<group>"; };
		14028E6B201E71D20060565A /* CinemaPopoverController.swift */ = {isa = PBXFileReference; lastKnownFileType = sourcecode.swift; path = CinemaPopoverController.swift; sourceTree = "<group>"; };
		1411F8A52018675B00B8394E /* MovieInTheatreController.swift */ = {isa = PBXFileReference; lastKnownFileType = sourcecode.swift; path = MovieInTheatreController.swift; sourceTree = "<group>"; };
		1411F8A7201867B700B8394E /* MovieCell.swift */ = {isa = PBXFileReference; lastKnownFileType = sourcecode.swift; path = MovieCell.swift; sourceTree = "<group>"; };
		1411F8A920187A3F00B8394E /* MovieInTheatrePopoverController.swift */ = {isa = PBXFileReference; lastKnownFileType = sourcecode.swift; path = MovieInTheatrePopoverController.swift; sourceTree = "<group>"; };
		1411F8AB20187AA300B8394E /* PopoverMovieCell.swift */ = {isa = PBXFileReference; lastKnownFileType = sourcecode.swift; path = PopoverMovieCell.swift; sourceTree = "<group>"; };
		141698F420154949006F69DC /* GoogleService-Info.plist */ = {isa = PBXFileReference; fileEncoding = 4; lastKnownFileType = text.plist.xml; path = "GoogleService-Info.plist"; sourceTree = "<group>"; };
		1468BCD420106DC9005142E2 /* Cinematic Admin.app */ = {isa = PBXFileReference; explicitFileType = wrapper.application; includeInIndex = 0; path = "Cinematic Admin.app"; sourceTree = BUILT_PRODUCTS_DIR; };
		1468BCD720106DC9005142E2 /* AppDelegate.swift */ = {isa = PBXFileReference; lastKnownFileType = sourcecode.swift; path = AppDelegate.swift; sourceTree = "<group>"; };
		1468BCDC20106DC9005142E2 /* Base */ = {isa = PBXFileReference; lastKnownFileType = file.storyboard; name = Base; path = Base.lproj/Main.storyboard; sourceTree = "<group>"; };
		1468BCDE20106DC9005142E2 /* Assets.xcassets */ = {isa = PBXFileReference; lastKnownFileType = folder.assetcatalog; path = Assets.xcassets; sourceTree = "<group>"; };
		1468BCE120106DC9005142E2 /* Base */ = {isa = PBXFileReference; lastKnownFileType = file.storyboard; name = Base; path = Base.lproj/LaunchScreen.storyboard; sourceTree = "<group>"; };
		1468BCE320106DC9005142E2 /* Info.plist */ = {isa = PBXFileReference; lastKnownFileType = text.plist.xml; path = Info.plist; sourceTree = "<group>"; };
		1468BCE820106DC9005142E2 /* Cinematic AdminTests.xctest */ = {isa = PBXFileReference; explicitFileType = wrapper.cfbundle; includeInIndex = 0; path = "Cinematic AdminTests.xctest"; sourceTree = BUILT_PRODUCTS_DIR; };
		1468BCEC20106DC9005142E2 /* Cinematic_AdminTests.swift */ = {isa = PBXFileReference; lastKnownFileType = sourcecode.swift; path = Cinematic_AdminTests.swift; sourceTree = "<group>"; };
		1468BCEE20106DC9005142E2 /* Info.plist */ = {isa = PBXFileReference; lastKnownFileType = text.plist.xml; path = Info.plist; sourceTree = "<group>"; };
		1468BCF320106DC9005142E2 /* Cinematic AdminUITests.xctest */ = {isa = PBXFileReference; explicitFileType = wrapper.cfbundle; includeInIndex = 0; path = "Cinematic AdminUITests.xctest"; sourceTree = BUILT_PRODUCTS_DIR; };
		1468BCF720106DC9005142E2 /* Cinematic_AdminUITests.swift */ = {isa = PBXFileReference; lastKnownFileType = sourcecode.swift; path = Cinematic_AdminUITests.swift; sourceTree = "<group>"; };
		1468BCF920106DC9005142E2 /* Info.plist */ = {isa = PBXFileReference; lastKnownFileType = text.plist.xml; path = Info.plist; sourceTree = "<group>"; };
		146A2F2020183A33000C8F37 /* CinemaCell.swift */ = {isa = PBXFileReference; lastKnownFileType = sourcecode.swift; path = CinemaCell.swift; sourceTree = "<group>"; };
		146A2F2220183A96000C8F37 /* TheatreCell.swift */ = {isa = PBXFileReference; lastKnownFileType = sourcecode.swift; path = TheatreCell.swift; sourceTree = "<group>"; };
		146A2F2420183B0D000C8F37 /* CinemaController.swift */ = {isa = PBXFileReference; lastKnownFileType = sourcecode.swift; path = CinemaController.swift; sourceTree = "<group>"; };
		146A2F2620183B67000C8F37 /* TheatreController.swift */ = {isa = PBXFileReference; lastKnownFileType = sourcecode.swift; path = TheatreController.swift; sourceTree = "<group>"; };
		1473D040201E4DB000494595 /* DashboardController.swift */ = {isa = PBXFileReference; lastKnownFileType = sourcecode.swift; path = DashboardController.swift; sourceTree = "<group>"; };
		1473D042201E4EF000494595 /* DashboardCell.swift */ = {isa = PBXFileReference; lastKnownFileType = sourcecode.swift; path = DashboardCell.swift; sourceTree = "<group>"; };
		148C03772020C0E600BBB717 /* TheatrePopoverController.swift */ = {isa = PBXFileReference; lastKnownFileType = sourcecode.swift; path = TheatrePopoverController.swift; sourceTree = "<group>"; };
		148C03792020C13700BBB717 /* PopoverTheatreCell.swift */ = {isa = PBXFileReference; lastKnownFileType = sourcecode.swift; path = PopoverTheatreCell.swift; sourceTree = "<group>"; };
		148C037B2020C8FD00BBB717 /* ShowtimesCell.swift */ = {isa = PBXFileReference; lastKnownFileType = sourcecode.swift; path = ShowtimesCell.swift; sourceTree = "<group>"; };
		14B0A187201073D200029764 /* MovieController.swift */ = {isa = PBXFileReference; lastKnownFileType = sourcecode.swift; path = MovieController.swift; sourceTree = "<group>"; };
		14B58FE9201F248400AB559C /* TheatreTypeController.swift */ = {isa = PBXFileReference; lastKnownFileType = sourcecode.swift; path = TheatreTypeController.swift; sourceTree = "<group>"; };
		14B58FED201F2BB700AB559C /* PopoverTheatreTypeCell.swift */ = {isa = PBXFileReference; lastKnownFileType = sourcecode.swift; path = PopoverTheatreTypeCell.swift; sourceTree = "<group>"; };
		14B58FF1201F301A00AB559C /* TheatreTypePopoverController.swift */ = {isa = PBXFileReference; lastKnownFileType = sourcecode.swift; path = TheatreTypePopoverController.swift; sourceTree = "<group>"; };
		14BB2D2F201A511400CA57E0 /* Extensions.swift */ = {isa = PBXFileReference; lastKnownFileType = sourcecode.swift; name = Extensions.swift; path = "Cinematic Admin/Supporting files/Extensions.swift"; sourceTree = SOURCE_ROOT; };
		14BB2D31201A63B800CA57E0 /* Models.swift */ = {isa = PBXFileReference; lastKnownFileType = sourcecode.swift; path = Models.swift; sourceTree = "<group>"; };
		14FC9EE4202F597A00E70CAF /* OrderController.swift */ = {isa = PBXFileReference; fileEncoding = 4; lastKnownFileType = sourcecode.swift; path = OrderController.swift; sourceTree = "<group>"; };
		14FC9EE5202F597A00E70CAF /* ScannerViewController.swift */ = {isa = PBXFileReference; fileEncoding = 4; lastKnownFileType = sourcecode.swift; path = ScannerViewController.swift; sourceTree = "<group>"; };
		14FC9EE9202F7D6300E70CAF /* OrderCell.swift */ = {isa = PBXFileReference; lastKnownFileType = sourcecode.swift; path = OrderCell.swift; sourceTree = "<group>"; };
		2A5578DCA4F3EB59D87FDAA9 /* Pods-Cinematic AdminTests.release.xcconfig */ = {isa = PBXFileReference; includeInIndex = 1; lastKnownFileType = text.xcconfig; name = "Pods-Cinematic AdminTests.release.xcconfig"; path = "Pods/Target Support Files/Pods-Cinematic AdminTests/Pods-Cinematic AdminTests.release.xcconfig"; sourceTree = "<group>"; };
		3E46981A7BF41C81B3D3994C /* Pods_Cinematic_AdminTests.framework */ = {isa = PBXFileReference; explicitFileType = wrapper.framework; includeInIndex = 0; path = Pods_Cinematic_AdminTests.framework; sourceTree = BUILT_PRODUCTS_DIR; };
		77D1EBBC49F2D348E3408BDB /* Pods-Cinematic AdminUITests.debug.xcconfig */ = {isa = PBXFileReference; includeInIndex = 1; lastKnownFileType = text.xcconfig; name = "Pods-Cinematic AdminUITests.debug.xcconfig"; path = "Pods/Target Support Files/Pods-Cinematic AdminUITests/Pods-Cinematic AdminUITests.debug.xcconfig"; sourceTree = "<group>"; };
		9339D0C9D7E9764551D55557 /* Pods-Cinematic AdminUITests.release.xcconfig */ = {isa = PBXFileReference; includeInIndex = 1; lastKnownFileType = text.xcconfig; name = "Pods-Cinematic AdminUITests.release.xcconfig"; path = "Pods/Target Support Files/Pods-Cinematic AdminUITests/Pods-Cinematic AdminUITests.release.xcconfig"; sourceTree = "<group>"; };
		B3862FFB75B93DFA50C2CB2F /* Pods_Cinematic_AdminUITests.framework */ = {isa = PBXFileReference; explicitFileType = wrapper.framework; includeInIndex = 0; path = Pods_Cinematic_AdminUITests.framework; sourceTree = BUILT_PRODUCTS_DIR; };
		C352412A268CDB2B5EBC9285 /* Pods-Cinematic Admin.release.xcconfig */ = {isa = PBXFileReference; includeInIndex = 1; lastKnownFileType = text.xcconfig; name = "Pods-Cinematic Admin.release.xcconfig"; path = "Pods/Target Support Files/Pods-Cinematic Admin/Pods-Cinematic Admin.release.xcconfig"; sourceTree = "<group>"; };
		C861AE371D49C6A1F3C4CFB9 /* Pods_Cinematic_Admin.framework */ = {isa = PBXFileReference; explicitFileType = wrapper.framework; includeInIndex = 0; path = Pods_Cinematic_Admin.framework; sourceTree = BUILT_PRODUCTS_DIR; };
		D6AEF69E8567B635C92D8279 /* Pods-Cinematic Admin.debug.xcconfig */ = {isa = PBXFileReference; includeInIndex = 1; lastKnownFileType = text.xcconfig; name = "Pods-Cinematic Admin.debug.xcconfig"; path = "Pods/Target Support Files/Pods-Cinematic Admin/Pods-Cinematic Admin.debug.xcconfig"; sourceTree = "<group>"; };
		FB1480F8DED1F81955F7E48D /* Pods-Cinematic AdminTests.debug.xcconfig */ = {isa = PBXFileReference; includeInIndex = 1; lastKnownFileType = text.xcconfig; name = "Pods-Cinematic AdminTests.debug.xcconfig"; path = "Pods/Target Support Files/Pods-Cinematic AdminTests/Pods-Cinematic AdminTests.debug.xcconfig"; sourceTree = "<group>"; };
/* End PBXFileReference section */

/* Begin PBXFrameworksBuildPhase section */
		1468BCD120106DC9005142E2 /* Frameworks */ = {
			isa = PBXFrameworksBuildPhase;
			buildActionMask = 2147483647;
			files = (
				7BC00E542E0DD6F9A4F0D061 /* Pods_Cinematic_Admin.framework in Frameworks */,
			);
			runOnlyForDeploymentPostprocessing = 0;
		};
		1468BCE520106DC9005142E2 /* Frameworks */ = {
			isa = PBXFrameworksBuildPhase;
			buildActionMask = 2147483647;
			files = (
				E84B5A8AE72FADD94FD50926 /* Pods_Cinematic_AdminTests.framework in Frameworks */,
			);
			runOnlyForDeploymentPostprocessing = 0;
		};
		1468BCF020106DC9005142E2 /* Frameworks */ = {
			isa = PBXFrameworksBuildPhase;
			buildActionMask = 2147483647;
			files = (
				A5EAE3652D2C576A69F9E792 /* Pods_Cinematic_AdminUITests.framework in Frameworks */,
			);
			runOnlyForDeploymentPostprocessing = 0;
		};
/* End PBXFrameworksBuildPhase section */

/* Begin PBXGroup section */
		140F44102014E93A003A20D6 /* Supporting files */ = {
			isa = PBXGroup;
			children = (
				14BB2D2F201A511400CA57E0 /* Extensions.swift */,
				1468BCD720106DC9005142E2 /* AppDelegate.swift */,
				141698F420154949006F69DC /* GoogleService-Info.plist */,
				1468BCDE20106DC9005142E2 /* Assets.xcassets */,
				1468BCE020106DC9005142E2 /* LaunchScreen.storyboard */,
				1468BCE320106DC9005142E2 /* Info.plist */,
			);
			path = "Supporting files";
			sourceTree = "<group>";
		};
		1411F8A32018461400B8394E /* Cells */ = {
			isa = PBXGroup;
			children = (
				14BB2D31201A63B800CA57E0 /* Models.swift */,
				14FC9EE9202F7D6300E70CAF /* OrderCell.swift */,
				14B58FED201F2BB700AB559C /* PopoverTheatreTypeCell.swift */,
				1473D042201E4EF000494595 /* DashboardCell.swift */,
				1411F8AB20187AA300B8394E /* PopoverMovieCell.swift */,
				14028E69201E6F320060565A /* PopoverCinemaCell.swift */,
				148C03792020C13700BBB717 /* PopoverTheatreCell.swift */,
				148C037B2020C8FD00BBB717 /* ShowtimesCell.swift */,
				1411F8A7201867B700B8394E /* MovieCell.swift */,
				146A2F2020183A33000C8F37 /* CinemaCell.swift */,
				146A2F2220183A96000C8F37 /* TheatreCell.swift */,
			);
			path = Cells;
			sourceTree = "<group>";
		};
		1411F8A42018462200B8394E /* Controllers */ = {
			isa = PBXGroup;
			children = (
				14B58FE9201F248400AB559C /* TheatreTypeController.swift */,
				14B58FF1201F301A00AB559C /* TheatreTypePopoverController.swift */,
				1473D040201E4DB000494595 /* DashboardController.swift */,
				14B0A187201073D200029764 /* MovieController.swift */,
				146A2F2420183B0D000C8F37 /* CinemaController.swift */,
				14028E6B201E71D20060565A /* CinemaPopoverController.swift */,
				146A2F2620183B67000C8F37 /* TheatreController.swift */,
				148C03772020C0E600BBB717 /* TheatrePopoverController.swift */,
				1411F8A52018675B00B8394E /* MovieInTheatreController.swift */,
				1411F8A920187A3F00B8394E /* MovieInTheatrePopoverController.swift */,
			);
			path = Controllers;
			sourceTree = "<group>";
		};
		1468BCCB20106DC9005142E2 = {
			isa = PBXGroup;
			children = (
				1468BCD620106DC9005142E2 /* Cinematic Admin */,
				1468BCEB20106DC9005142E2 /* Cinematic AdminTests */,
				1468BCF620106DC9005142E2 /* Cinematic AdminUITests */,
				1468BCD520106DC9005142E2 /* Products */,
				FE281DE69D4B44A475CDF66C /* Pods */,
				39D6406C1E48093C01217073 /* Frameworks */,
			);
			sourceTree = "<group>";
		};
		1468BCD520106DC9005142E2 /* Products */ = {
			isa = PBXGroup;
			children = (
				1468BCD420106DC9005142E2 /* Cinematic Admin.app */,
				1468BCE820106DC9005142E2 /* Cinematic AdminTests.xctest */,
				1468BCF320106DC9005142E2 /* Cinematic AdminUITests.xctest */,
			);
			name = Products;
			sourceTree = "<group>";
		};
		1468BCD620106DC9005142E2 /* Cinematic Admin */ = {
			isa = PBXGroup;
			children = (
				14FC9EE8202F598000E70CAF /* QRCodeScanner */,
				1411F8A42018462200B8394E /* Controllers */,
				1468BCDB20106DC9005142E2 /* Main.storyboard */,
				1411F8A32018461400B8394E /* Cells */,
				140F44102014E93A003A20D6 /* Supporting files */,
			);
			path = "Cinematic Admin";
			sourceTree = "<group>";
		};
		1468BCEB20106DC9005142E2 /* Cinematic AdminTests */ = {
			isa = PBXGroup;
			children = (
				1468BCEC20106DC9005142E2 /* Cinematic_AdminTests.swift */,
				1468BCEE20106DC9005142E2 /* Info.plist */,
			);
			path = "Cinematic AdminTests";
			sourceTree = "<group>";
		};
		1468BCF620106DC9005142E2 /* Cinematic AdminUITests */ = {
			isa = PBXGroup;
			children = (
				1468BCF720106DC9005142E2 /* Cinematic_AdminUITests.swift */,
				1468BCF920106DC9005142E2 /* Info.plist */,
			);
			path = "Cinematic AdminUITests";
			sourceTree = "<group>";
		};
		14FC9EE8202F598000E70CAF /* QRCodeScanner */ = {
			isa = PBXGroup;
			children = (
				14FC9EE5202F597A00E70CAF /* ScannerViewController.swift */,
				14FC9EE4202F597A00E70CAF /* OrderController.swift */,
			);
			path = QRCodeScanner;
			sourceTree = "<group>";
		};
		39D6406C1E48093C01217073 /* Frameworks */ = {
			isa = PBXGroup;
			children = (
				C861AE371D49C6A1F3C4CFB9 /* Pods_Cinematic_Admin.framework */,
				3E46981A7BF41C81B3D3994C /* Pods_Cinematic_AdminTests.framework */,
				B3862FFB75B93DFA50C2CB2F /* Pods_Cinematic_AdminUITests.framework */,
			);
			name = Frameworks;
			sourceTree = "<group>";
		};
		FE281DE69D4B44A475CDF66C /* Pods */ = {
			isa = PBXGroup;
			children = (
				D6AEF69E8567B635C92D8279 /* Pods-Cinematic Admin.debug.xcconfig */,
				C352412A268CDB2B5EBC9285 /* Pods-Cinematic Admin.release.xcconfig */,
				FB1480F8DED1F81955F7E48D /* Pods-Cinematic AdminTests.debug.xcconfig */,
				2A5578DCA4F3EB59D87FDAA9 /* Pods-Cinematic AdminTests.release.xcconfig */,
				77D1EBBC49F2D348E3408BDB /* Pods-Cinematic AdminUITests.debug.xcconfig */,
				9339D0C9D7E9764551D55557 /* Pods-Cinematic AdminUITests.release.xcconfig */,
			);
			name = Pods;
			sourceTree = "<group>";
		};
/* End PBXGroup section */

/* Begin PBXNativeTarget section */
		1468BCD320106DC9005142E2 /* Cinematic Admin */ = {
			isa = PBXNativeTarget;
			buildConfigurationList = 1468BCFC20106DC9005142E2 /* Build configuration list for PBXNativeTarget "Cinematic Admin" */;
			buildPhases = (
				DDDDD59951E615D6D93CCE88 /* [CP] Check Pods Manifest.lock */,
				1468BCD020106DC9005142E2 /* Sources */,
				1468BCD120106DC9005142E2 /* Frameworks */,
				1468BCD220106DC9005142E2 /* Resources */,
				BC83C0B14B53314351A477D5 /* [CP] Embed Pods Frameworks */,
				1C5728B3203FB614CCC734DD /* [CP] Copy Pods Resources */,
			);
			buildRules = (
			);
			dependencies = (
			);
			name = "Cinematic Admin";
			productName = "Cinematic Admin";
			productReference = 1468BCD420106DC9005142E2 /* Cinematic Admin.app */;
			productType = "com.apple.product-type.application";
		};
		1468BCE720106DC9005142E2 /* Cinematic AdminTests */ = {
			isa = PBXNativeTarget;
			buildConfigurationList = 1468BCFF20106DC9005142E2 /* Build configuration list for PBXNativeTarget "Cinematic AdminTests" */;
			buildPhases = (
				BE785B54D7123BC7A7D30159 /* [CP] Check Pods Manifest.lock */,
				1468BCE420106DC9005142E2 /* Sources */,
				1468BCE520106DC9005142E2 /* Frameworks */,
				1468BCE620106DC9005142E2 /* Resources */,
				6F79FF8A06F22816F7661DCC /* [CP] Embed Pods Frameworks */,
				C3851E36AB0722E5D5A02BAF /* [CP] Copy Pods Resources */,
			);
			buildRules = (
			);
			dependencies = (
				1468BCEA20106DC9005142E2 /* PBXTargetDependency */,
			);
			name = "Cinematic AdminTests";
			productName = "Cinematic AdminTests";
			productReference = 1468BCE820106DC9005142E2 /* Cinematic AdminTests.xctest */;
			productType = "com.apple.product-type.bundle.unit-test";
		};
		1468BCF220106DC9005142E2 /* Cinematic AdminUITests */ = {
			isa = PBXNativeTarget;
			buildConfigurationList = 1468BD0220106DC9005142E2 /* Build configuration list for PBXNativeTarget "Cinematic AdminUITests" */;
			buildPhases = (
				C8051AE92FE14D7F6410E4C9 /* [CP] Check Pods Manifest.lock */,
				1468BCEF20106DC9005142E2 /* Sources */,
				1468BCF020106DC9005142E2 /* Frameworks */,
				1468BCF120106DC9005142E2 /* Resources */,
				F3C3BA5836C0DD6AEC122FF7 /* [CP] Embed Pods Frameworks */,
				EC9D9F985EF81C69BA50A735 /* [CP] Copy Pods Resources */,
			);
			buildRules = (
			);
			dependencies = (
				1468BCF520106DC9005142E2 /* PBXTargetDependency */,
			);
			name = "Cinematic AdminUITests";
			productName = "Cinematic AdminUITests";
			productReference = 1468BCF320106DC9005142E2 /* Cinematic AdminUITests.xctest */;
			productType = "com.apple.product-type.bundle.ui-testing";
		};
/* End PBXNativeTarget section */

/* Begin PBXProject section */
		1468BCCC20106DC9005142E2 /* Project object */ = {
			isa = PBXProject;
			attributes = {
				LastSwiftUpdateCheck = 0920;
				LastUpgradeCheck = 0920;
				ORGANIZATIONNAME = "Khant Zaw Ko";
				TargetAttributes = {
					1468BCD320106DC9005142E2 = {
						CreatedOnToolsVersion = 9.2;
						ProvisioningStyle = Automatic;
					};
					1468BCE720106DC9005142E2 = {
						CreatedOnToolsVersion = 9.2;
						ProvisioningStyle = Automatic;
						TestTargetID = 1468BCD320106DC9005142E2;
					};
					1468BCF220106DC9005142E2 = {
						CreatedOnToolsVersion = 9.2;
						ProvisioningStyle = Automatic;
						TestTargetID = 1468BCD320106DC9005142E2;
					};
				};
			};
			buildConfigurationList = 1468BCCF20106DC9005142E2 /* Build configuration list for PBXProject "Cinematic Admin" */;
			compatibilityVersion = "Xcode 8.0";
			developmentRegion = en;
			hasScannedForEncodings = 0;
			knownRegions = (
				en,
				Base,
			);
			mainGroup = 1468BCCB20106DC9005142E2;
			productRefGroup = 1468BCD520106DC9005142E2 /* Products */;
			projectDirPath = "";
			projectRoot = "";
			targets = (
				1468BCD320106DC9005142E2 /* Cinematic Admin */,
				1468BCE720106DC9005142E2 /* Cinematic AdminTests */,
				1468BCF220106DC9005142E2 /* Cinematic AdminUITests */,
			);
		};
/* End PBXProject section */

/* Begin PBXResourcesBuildPhase section */
		1468BCD220106DC9005142E2 /* Resources */ = {
			isa = PBXResourcesBuildPhase;
			buildActionMask = 2147483647;
			files = (
				1468BCE220106DC9005142E2 /* LaunchScreen.storyboard in Resources */,
				141698F520154949006F69DC /* GoogleService-Info.plist in Resources */,
				1468BCDF20106DC9005142E2 /* Assets.xcassets in Resources */,
				1468BCDD20106DC9005142E2 /* Main.storyboard in Resources */,
			);
			runOnlyForDeploymentPostprocessing = 0;
		};
		1468BCE620106DC9005142E2 /* Resources */ = {
			isa = PBXResourcesBuildPhase;
			buildActionMask = 2147483647;
			files = (
			);
			runOnlyForDeploymentPostprocessing = 0;
		};
		1468BCF120106DC9005142E2 /* Resources */ = {
			isa = PBXResourcesBuildPhase;
			buildActionMask = 2147483647;
			files = (
			);
			runOnlyForDeploymentPostprocessing = 0;
		};
/* End PBXResourcesBuildPhase section */

/* Begin PBXShellScriptBuildPhase section */
		1C5728B3203FB614CCC734DD /* [CP] Copy Pods Resources */ = {
			isa = PBXShellScriptBuildPhase;
			buildActionMask = 2147483647;
			files = (
			);
			inputPaths = (
			);
			name = "[CP] Copy Pods Resources";
			outputPaths = (
			);
			runOnlyForDeploymentPostprocessing = 0;
			shellPath = /bin/sh;
			shellScript = "\"${SRCROOT}/Pods/Target Support Files/Pods-Cinematic Admin/Pods-Cinematic Admin-resources.sh\"\n";
			showEnvVarsInLog = 0;
		};
		6F79FF8A06F22816F7661DCC /* [CP] Embed Pods Frameworks */ = {
			isa = PBXShellScriptBuildPhase;
			buildActionMask = 2147483647;
			files = (
			);
			inputPaths = (
			);
			name = "[CP] Embed Pods Frameworks";
			outputPaths = (
			);
			runOnlyForDeploymentPostprocessing = 0;
			shellPath = /bin/sh;
			shellScript = "\"${SRCROOT}/Pods/Target Support Files/Pods-Cinematic AdminTests/Pods-Cinematic AdminTests-frameworks.sh\"\n";
			showEnvVarsInLog = 0;
		};
		BC83C0B14B53314351A477D5 /* [CP] Embed Pods Frameworks */ = {
			isa = PBXShellScriptBuildPhase;
			buildActionMask = 2147483647;
			files = (
			);
			inputPaths = (
				"${SRCROOT}/Pods/Target Support Files/Pods-Cinematic Admin/Pods-Cinematic Admin-frameworks.sh",
				"${BUILT_PRODUCTS_DIR}/GTMSessionFetcher/GTMSessionFetcher.framework",
				"${BUILT_PRODUCTS_DIR}/GoogleToolboxForMac/GoogleToolboxForMac.framework",
				"${BUILT_PRODUCTS_DIR}/leveldb-library/leveldb.framework",
				"${BUILT_PRODUCTS_DIR}/nanopb/nanopb.framework",
			);
			name = "[CP] Embed Pods Frameworks";
			outputPaths = (
				"${TARGET_BUILD_DIR}/${FRAMEWORKS_FOLDER_PATH}/GTMSessionFetcher.framework",
				"${TARGET_BUILD_DIR}/${FRAMEWORKS_FOLDER_PATH}/GoogleToolboxForMac.framework",
				"${TARGET_BUILD_DIR}/${FRAMEWORKS_FOLDER_PATH}/leveldb.framework",
				"${TARGET_BUILD_DIR}/${FRAMEWORKS_FOLDER_PATH}/nanopb.framework",
			);
			runOnlyForDeploymentPostprocessing = 0;
			shellPath = /bin/sh;
			shellScript = "\"${SRCROOT}/Pods/Target Support Files/Pods-Cinematic Admin/Pods-Cinematic Admin-frameworks.sh\"\n";
			showEnvVarsInLog = 0;
		};
		BE785B54D7123BC7A7D30159 /* [CP] Check Pods Manifest.lock */ = {
			isa = PBXShellScriptBuildPhase;
			buildActionMask = 2147483647;
			files = (
			);
			inputPaths = (
				"${PODS_PODFILE_DIR_PATH}/Podfile.lock",
				"${PODS_ROOT}/Manifest.lock",
			);
			name = "[CP] Check Pods Manifest.lock";
			outputPaths = (
				"$(DERIVED_FILE_DIR)/Pods-Cinematic AdminTests-checkManifestLockResult.txt",
			);
			runOnlyForDeploymentPostprocessing = 0;
			shellPath = /bin/sh;
			shellScript = "diff \"${PODS_PODFILE_DIR_PATH}/Podfile.lock\" \"${PODS_ROOT}/Manifest.lock\" > /dev/null\nif [ $? != 0 ] ; then\n    # print error to STDERR\n    echo \"error: The sandbox is not in sync with the Podfile.lock. Run 'pod install' or update your CocoaPods installation.\" >&2\n    exit 1\nfi\n# This output is used by Xcode 'outputs' to avoid re-running this script phase.\necho \"SUCCESS\" > \"${SCRIPT_OUTPUT_FILE_0}\"\n";
			showEnvVarsInLog = 0;
		};
		C3851E36AB0722E5D5A02BAF /* [CP] Copy Pods Resources */ = {
			isa = PBXShellScriptBuildPhase;
			buildActionMask = 2147483647;
			files = (
			);
			inputPaths = (
			);
			name = "[CP] Copy Pods Resources";
			outputPaths = (
			);
			runOnlyForDeploymentPostprocessing = 0;
			shellPath = /bin/sh;
			shellScript = "\"${SRCROOT}/Pods/Target Support Files/Pods-Cinematic AdminTests/Pods-Cinematic AdminTests-resources.sh\"\n";
			showEnvVarsInLog = 0;
		};
		C8051AE92FE14D7F6410E4C9 /* [CP] Check Pods Manifest.lock */ = {
			isa = PBXShellScriptBuildPhase;
			buildActionMask = 2147483647;
			files = (
			);
			inputPaths = (
				"${PODS_PODFILE_DIR_PATH}/Podfile.lock",
				"${PODS_ROOT}/Manifest.lock",
			);
			name = "[CP] Check Pods Manifest.lock";
			outputPaths = (
				"$(DERIVED_FILE_DIR)/Pods-Cinematic AdminUITests-checkManifestLockResult.txt",
			);
			runOnlyForDeploymentPostprocessing = 0;
			shellPath = /bin/sh;
			shellScript = "diff \"${PODS_PODFILE_DIR_PATH}/Podfile.lock\" \"${PODS_ROOT}/Manifest.lock\" > /dev/null\nif [ $? != 0 ] ; then\n    # print error to STDERR\n    echo \"error: The sandbox is not in sync with the Podfile.lock. Run 'pod install' or update your CocoaPods installation.\" >&2\n    exit 1\nfi\n# This output is used by Xcode 'outputs' to avoid re-running this script phase.\necho \"SUCCESS\" > \"${SCRIPT_OUTPUT_FILE_0}\"\n";
			showEnvVarsInLog = 0;
		};
		DDDDD59951E615D6D93CCE88 /* [CP] Check Pods Manifest.lock */ = {
			isa = PBXShellScriptBuildPhase;
			buildActionMask = 2147483647;
			files = (
			);
			inputPaths = (
				"${PODS_PODFILE_DIR_PATH}/Podfile.lock",
				"${PODS_ROOT}/Manifest.lock",
			);
			name = "[CP] Check Pods Manifest.lock";
			outputPaths = (
				"$(DERIVED_FILE_DIR)/Pods-Cinematic Admin-checkManifestLockResult.txt",
			);
			runOnlyForDeploymentPostprocessing = 0;
			shellPath = /bin/sh;
			shellScript = "diff \"${PODS_PODFILE_DIR_PATH}/Podfile.lock\" \"${PODS_ROOT}/Manifest.lock\" > /dev/null\nif [ $? != 0 ] ; then\n    # print error to STDERR\n    echo \"error: The sandbox is not in sync with the Podfile.lock. Run 'pod install' or update your CocoaPods installation.\" >&2\n    exit 1\nfi\n# This output is used by Xcode 'outputs' to avoid re-running this script phase.\necho \"SUCCESS\" > \"${SCRIPT_OUTPUT_FILE_0}\"\n";
			showEnvVarsInLog = 0;
		};
		EC9D9F985EF81C69BA50A735 /* [CP] Copy Pods Resources */ = {
			isa = PBXShellScriptBuildPhase;
			buildActionMask = 2147483647;
			files = (
			);
			inputPaths = (
			);
			name = "[CP] Copy Pods Resources";
			outputPaths = (
			);
			runOnlyForDeploymentPostprocessing = 0;
			shellPath = /bin/sh;
			shellScript = "\"${SRCROOT}/Pods/Target Support Files/Pods-Cinematic AdminUITests/Pods-Cinematic AdminUITests-resources.sh\"\n";
			showEnvVarsInLog = 0;
		};
		F3C3BA5836C0DD6AEC122FF7 /* [CP] Embed Pods Frameworks */ = {
			isa = PBXShellScriptBuildPhase;
			buildActionMask = 2147483647;
			files = (
			);
			inputPaths = (
			);
			name = "[CP] Embed Pods Frameworks";
			outputPaths = (
			);
			runOnlyForDeploymentPostprocessing = 0;
			shellPath = /bin/sh;
			shellScript = "\"${SRCROOT}/Pods/Target Support Files/Pods-Cinematic AdminUITests/Pods-Cinematic AdminUITests-frameworks.sh\"\n";
			showEnvVarsInLog = 0;
		};
/* End PBXShellScriptBuildPhase section */

/* Begin PBXSourcesBuildPhase section */
		1468BCD020106DC9005142E2 /* Sources */ = {
			isa = PBXSourcesBuildPhase;
			buildActionMask = 2147483647;
			files = (
				146A2F2520183B0D000C8F37 /* CinemaController.swift in Sources */,
				1411F8A62018675B00B8394E /* MovieInTheatreController.swift in Sources */,
				14FC9EEA202F7D6300E70CAF /* OrderCell.swift in Sources */,
				148C03782020C0E600BBB717 /* TheatrePopoverController.swift in Sources */,
				14028E6C201E71D20060565A /* CinemaPopoverController.swift in Sources */,
				14BB2D32201A63B800CA57E0 /* Models.swift in Sources */,
				1411F8A8201867B700B8394E /* MovieCell.swift in Sources */,
				1473D043201E4EF000494595 /* DashboardCell.swift in Sources */,
				148C037C2020C8FD00BBB717 /* ShowtimesCell.swift in Sources */,
				14B0A188201073D200029764 /* MovieController.swift in Sources */,
				14FC9EE6202F597B00E70CAF /* OrderController.swift in Sources */,
				14028E6A201E6F320060565A /* PopoverCinemaCell.swift in Sources */,
				148C037A2020C13700BBB717 /* PopoverTheatreCell.swift in Sources */,
				1473D041201E4DB000494595 /* DashboardController.swift in Sources */,
				146A2F2320183A96000C8F37 /* TheatreCell.swift in Sources */,
				1468BCD820106DC9005142E2 /* AppDelegate.swift in Sources */,
				146A2F2120183A33000C8F37 /* CinemaCell.swift in Sources */,
				14B58FEE201F2BB800AB559C /* PopoverTheatreTypeCell.swift in Sources */,
				14B58FF2201F301A00AB559C /* TheatreTypePopoverController.swift in Sources */,
				1411F8AA20187A3F00B8394E /* MovieInTheatrePopoverController.swift in Sources */,
				14FC9EE7202F597B00E70CAF /* ScannerViewController.swift in Sources */,
				146A2F2720183B67000C8F37 /* TheatreController.swift in Sources */,
				14B58FEA201F248400AB559C /* TheatreTypeController.swift in Sources */,
				14BB2D30201A511400CA57E0 /* Extensions.swift in Sources */,
				1411F8AC20187AA300B8394E /* PopoverMovieCell.swift in Sources */,
			);
			runOnlyForDeploymentPostprocessing = 0;
		};
		1468BCE420106DC9005142E2 /* Sources */ = {
			isa = PBXSourcesBuildPhase;
			buildActionMask = 2147483647;
			files = (
				1468BCED20106DC9005142E2 /* Cinematic_AdminTests.swift in Sources */,
			);
			runOnlyForDeploymentPostprocessing = 0;
		};
		1468BCEF20106DC9005142E2 /* Sources */ = {
			isa = PBXSourcesBuildPhase;
			buildActionMask = 2147483647;
			files = (
				1468BCF820106DC9005142E2 /* Cinematic_AdminUITests.swift in Sources */,
			);
			runOnlyForDeploymentPostprocessing = 0;
		};
/* End PBXSourcesBuildPhase section */

/* Begin PBXTargetDependency section */
		1468BCEA20106DC9005142E2 /* PBXTargetDependency */ = {
			isa = PBXTargetDependency;
			target = 1468BCD320106DC9005142E2 /* Cinematic Admin */;
			targetProxy = 1468BCE920106DC9005142E2 /* PBXContainerItemProxy */;
		};
		1468BCF520106DC9005142E2 /* PBXTargetDependency */ = {
			isa = PBXTargetDependency;
			target = 1468BCD320106DC9005142E2 /* Cinematic Admin */;
			targetProxy = 1468BCF420106DC9005142E2 /* PBXContainerItemProxy */;
		};
/* End PBXTargetDependency section */

/* Begin PBXVariantGroup section */
		1468BCDB20106DC9005142E2 /* Main.storyboard */ = {
			isa = PBXVariantGroup;
			children = (
				1468BCDC20106DC9005142E2 /* Base */,
			);
			name = Main.storyboard;
			sourceTree = "<group>";
		};
		1468BCE020106DC9005142E2 /* LaunchScreen.storyboard */ = {
			isa = PBXVariantGroup;
			children = (
				1468BCE120106DC9005142E2 /* Base */,
			);
			name = LaunchScreen.storyboard;
			sourceTree = "<group>";
		};
/* End PBXVariantGroup section */

/* Begin XCBuildConfiguration section */
		1468BCFA20106DC9005142E2 /* Debug */ = {
			isa = XCBuildConfiguration;
			buildSettings = {
				ALWAYS_SEARCH_USER_PATHS = NO;
				CLANG_ANALYZER_NONNULL = YES;
				CLANG_ANALYZER_NUMBER_OBJECT_CONVERSION = YES_AGGRESSIVE;
				CLANG_CXX_LANGUAGE_STANDARD = "gnu++14";
				CLANG_CXX_LIBRARY = "libc++";
				CLANG_ENABLE_MODULES = YES;
				CLANG_ENABLE_OBJC_ARC = YES;
				CLANG_WARN_BLOCK_CAPTURE_AUTORELEASING = YES;
				CLANG_WARN_BOOL_CONVERSION = YES;
				CLANG_WARN_COMMA = YES;
				CLANG_WARN_CONSTANT_CONVERSION = YES;
				CLANG_WARN_DIRECT_OBJC_ISA_USAGE = YES_ERROR;
				CLANG_WARN_DOCUMENTATION_COMMENTS = YES;
				CLANG_WARN_EMPTY_BODY = YES;
				CLANG_WARN_ENUM_CONVERSION = YES;
				CLANG_WARN_INFINITE_RECURSION = YES;
				CLANG_WARN_INT_CONVERSION = YES;
				CLANG_WARN_NON_LITERAL_NULL_CONVERSION = YES;
				CLANG_WARN_OBJC_LITERAL_CONVERSION = YES;
				CLANG_WARN_OBJC_ROOT_CLASS = YES_ERROR;
				CLANG_WARN_RANGE_LOOP_ANALYSIS = YES;
				CLANG_WARN_STRICT_PROTOTYPES = YES;
				CLANG_WARN_SUSPICIOUS_MOVE = YES;
				CLANG_WARN_UNGUARDED_AVAILABILITY = YES_AGGRESSIVE;
				CLANG_WARN_UNREACHABLE_CODE = YES;
				CLANG_WARN__DUPLICATE_METHOD_MATCH = YES;
				CODE_SIGN_IDENTITY = "iPhone Developer";
				COPY_PHASE_STRIP = NO;
				DEBUG_INFORMATION_FORMAT = dwarf;
				ENABLE_STRICT_OBJC_MSGSEND = YES;
				ENABLE_TESTABILITY = YES;
				GCC_C_LANGUAGE_STANDARD = gnu11;
				GCC_DYNAMIC_NO_PIC = NO;
				GCC_NO_COMMON_BLOCKS = YES;
				GCC_OPTIMIZATION_LEVEL = 0;
				GCC_PREPROCESSOR_DEFINITIONS = (
					"DEBUG=1",
					"$(inherited)",
				);
				GCC_WARN_64_TO_32_BIT_CONVERSION = YES;
				GCC_WARN_ABOUT_RETURN_TYPE = YES_ERROR;
				GCC_WARN_UNDECLARED_SELECTOR = YES;
				GCC_WARN_UNINITIALIZED_AUTOS = YES_AGGRESSIVE;
				GCC_WARN_UNUSED_FUNCTION = YES;
				GCC_WARN_UNUSED_VARIABLE = YES;
				IPHONEOS_DEPLOYMENT_TARGET = 11.2;
				MTL_ENABLE_DEBUG_INFO = YES;
				ONLY_ACTIVE_ARCH = YES;
				SDKROOT = iphoneos;
				SWIFT_ACTIVE_COMPILATION_CONDITIONS = DEBUG;
				SWIFT_OPTIMIZATION_LEVEL = "-Onone";
			};
			name = Debug;
		};
		1468BCFB20106DC9005142E2 /* Release */ = {
			isa = XCBuildConfiguration;
			buildSettings = {
				ALWAYS_SEARCH_USER_PATHS = NO;
				CLANG_ANALYZER_NONNULL = YES;
				CLANG_ANALYZER_NUMBER_OBJECT_CONVERSION = YES_AGGRESSIVE;
				CLANG_CXX_LANGUAGE_STANDARD = "gnu++14";
				CLANG_CXX_LIBRARY = "libc++";
				CLANG_ENABLE_MODULES = YES;
				CLANG_ENABLE_OBJC_ARC = YES;
				CLANG_WARN_BLOCK_CAPTURE_AUTORELEASING = YES;
				CLANG_WARN_BOOL_CONVERSION = YES;
				CLANG_WARN_COMMA = YES;
				CLANG_WARN_CONSTANT_CONVERSION = YES;
				CLANG_WARN_DIRECT_OBJC_ISA_USAGE = YES_ERROR;
				CLANG_WARN_DOCUMENTATION_COMMENTS = YES;
				CLANG_WARN_EMPTY_BODY = YES;
				CLANG_WARN_ENUM_CONVERSION = YES;
				CLANG_WARN_INFINITE_RECURSION = YES;
				CLANG_WARN_INT_CONVERSION = YES;
				CLANG_WARN_NON_LITERAL_NULL_CONVERSION = YES;
				CLANG_WARN_OBJC_LITERAL_CONVERSION = YES;
				CLANG_WARN_OBJC_ROOT_CLASS = YES_ERROR;
				CLANG_WARN_RANGE_LOOP_ANALYSIS = YES;
				CLANG_WARN_STRICT_PROTOTYPES = YES;
				CLANG_WARN_SUSPICIOUS_MOVE = YES;
				CLANG_WARN_UNGUARDED_AVAILABILITY = YES_AGGRESSIVE;
				CLANG_WARN_UNREACHABLE_CODE = YES;
				CLANG_WARN__DUPLICATE_METHOD_MATCH = YES;
				CODE_SIGN_IDENTITY = "iPhone Developer";
				COPY_PHASE_STRIP = NO;
				DEBUG_INFORMATION_FORMAT = "dwarf-with-dsym";
				ENABLE_NS_ASSERTIONS = NO;
				ENABLE_STRICT_OBJC_MSGSEND = YES;
				GCC_C_LANGUAGE_STANDARD = gnu11;
				GCC_NO_COMMON_BLOCKS = YES;
				GCC_WARN_64_TO_32_BIT_CONVERSION = YES;
				GCC_WARN_ABOUT_RETURN_TYPE = YES_ERROR;
				GCC_WARN_UNDECLARED_SELECTOR = YES;
				GCC_WARN_UNINITIALIZED_AUTOS = YES_AGGRESSIVE;
				GCC_WARN_UNUSED_FUNCTION = YES;
				GCC_WARN_UNUSED_VARIABLE = YES;
				IPHONEOS_DEPLOYMENT_TARGET = 11.2;
				MTL_ENABLE_DEBUG_INFO = NO;
				SDKROOT = iphoneos;
				SWIFT_OPTIMIZATION_LEVEL = "-Owholemodule";
				VALIDATE_PRODUCT = YES;
			};
			name = Release;
		};
		1468BCFD20106DC9005142E2 /* Debug */ = {
			isa = XCBuildConfiguration;
			baseConfigurationReference = D6AEF69E8567B635C92D8279 /* Pods-Cinematic Admin.debug.xcconfig */;
			buildSettings = {
				ASSETCATALOG_COMPILER_APPICON_NAME = AppIcon;
				CODE_SIGN_STYLE = Automatic;
				DEVELOPMENT_TEAM = EX9SP8QRW2;
				INFOPLIST_FILE = "Cinematic Admin/Supporting files/Info.plist";
				LD_RUNPATH_SEARCH_PATHS = "$(inherited) @executable_path/Frameworks";
				PRODUCT_BUNDLE_IDENTIFIER = com.khantzawko.CinematicAdmin;
				PRODUCT_NAME = "$(TARGET_NAME)";
				SWIFT_VERSION = 4.0;
				TARGETED_DEVICE_FAMILY = 1;
			};
			name = Debug;
		};
		1468BCFE20106DC9005142E2 /* Release */ = {
			isa = XCBuildConfiguration;
			baseConfigurationReference = C352412A268CDB2B5EBC9285 /* Pods-Cinematic Admin.release.xcconfig */;
			buildSettings = {
				ASSETCATALOG_COMPILER_APPICON_NAME = AppIcon;
				CODE_SIGN_STYLE = Automatic;
				DEVELOPMENT_TEAM = EX9SP8QRW2;
				INFOPLIST_FILE = "Cinematic Admin/Supporting files/Info.plist";
				LD_RUNPATH_SEARCH_PATHS = "$(inherited) @executable_path/Frameworks";
				PRODUCT_BUNDLE_IDENTIFIER = com.khantzawko.CinematicAdmin;
				PRODUCT_NAME = "$(TARGET_NAME)";
				SWIFT_VERSION = 4.0;
				TARGETED_DEVICE_FAMILY = 1;
			};
			name = Release;
		};
		1468BD0020106DC9005142E2 /* Debug */ = {
			isa = XCBuildConfiguration;
			baseConfigurationReference = FB1480F8DED1F81955F7E48D /* Pods-Cinematic AdminTests.debug.xcconfig */;
			buildSettings = {
				ALWAYS_EMBED_SWIFT_STANDARD_LIBRARIES = YES;
				BUNDLE_LOADER = "$(TEST_HOST)";
				CODE_SIGN_STYLE = Automatic;
				DEVELOPMENT_TEAM = EX9SP8QRW2;
				INFOPLIST_FILE = "Cinematic AdminTests/Info.plist";
				LD_RUNPATH_SEARCH_PATHS = "$(inherited) @executable_path/Frameworks @loader_path/Frameworks";
				PRODUCT_BUNDLE_IDENTIFIER = "com.khantzawko.Cinematic-AdminTests";
				PRODUCT_NAME = "$(TARGET_NAME)";
				SWIFT_VERSION = 4.0;
				TARGETED_DEVICE_FAMILY = "1,2";
				TEST_HOST = "$(BUILT_PRODUCTS_DIR)/Cinematic Admin.app/Cinematic Admin";
			};
			name = Debug;
		};
		1468BD0120106DC9005142E2 /* Release */ = {
			isa = XCBuildConfiguration;
			baseConfigurationReference = 2A5578DCA4F3EB59D87FDAA9 /* Pods-Cinematic AdminTests.release.xcconfig */;
			buildSettings = {
				ALWAYS_EMBED_SWIFT_STANDARD_LIBRARIES = YES;
				BUNDLE_LOADER = "$(TEST_HOST)";
				CODE_SIGN_STYLE = Automatic;
				DEVELOPMENT_TEAM = EX9SP8QRW2;
				INFOPLIST_FILE = "Cinematic AdminTests/Info.plist";
				LD_RUNPATH_SEARCH_PATHS = "$(inherited) @executable_path/Frameworks @loader_path/Frameworks";
				PRODUCT_BUNDLE_IDENTIFIER = "com.khantzawko.Cinematic-AdminTests";
				PRODUCT_NAME = "$(TARGET_NAME)";
				SWIFT_VERSION = 4.0;
				TARGETED_DEVICE_FAMILY = "1,2";
				TEST_HOST = "$(BUILT_PRODUCTS_DIR)/Cinematic Admin.app/Cinematic Admin";
			};
			name = Release;
		};
		1468BD0320106DC9005142E2 /* Debug */ = {
			isa = XCBuildConfiguration;
			baseConfigurationReference = 77D1EBBC49F2D348E3408BDB /* Pods-Cinematic AdminUITests.debug.xcconfig */;
			buildSettings = {
				ALWAYS_EMBED_SWIFT_STANDARD_LIBRARIES = YES;
				CODE_SIGN_STYLE = Automatic;
				DEVELOPMENT_TEAM = EX9SP8QRW2;
				INFOPLIST_FILE = "Cinematic AdminUITests/Info.plist";
				LD_RUNPATH_SEARCH_PATHS = "$(inherited) @executable_path/Frameworks @loader_path/Frameworks";
				PRODUCT_BUNDLE_IDENTIFIER = "com.khantzawko.Cinematic-AdminUITests";
				PRODUCT_NAME = "$(TARGET_NAME)";
				SWIFT_VERSION = 4.0;
				TARGETED_DEVICE_FAMILY = "1,2";
				TEST_TARGET_NAME = "Cinematic Admin";
			};
			name = Debug;
		};
		1468BD0420106DC9005142E2 /* Release */ = {
			isa = XCBuildConfiguration;
			baseConfigurationReference = 9339D0C9D7E9764551D55557 /* Pods-Cinematic AdminUITests.release.xcconfig */;
			buildSettings = {
				ALWAYS_EMBED_SWIFT_STANDARD_LIBRARIES = YES;
				CODE_SIGN_STYLE = Automatic;
				DEVELOPMENT_TEAM = EX9SP8QRW2;
				INFOPLIST_FILE = "Cinematic AdminUITests/Info.plist";
				LD_RUNPATH_SEARCH_PATHS = "$(inherited) @executable_path/Frameworks @loader_path/Frameworks";
				PRODUCT_BUNDLE_IDENTIFIER = "com.khantzawko.Cinematic-AdminUITests";
				PRODUCT_NAME = "$(TARGET_NAME)";
				SWIFT_VERSION = 4.0;
				TARGETED_DEVICE_FAMILY = "1,2";
				TEST_TARGET_NAME = "Cinematic Admin";
			};
			name = Release;
		};
/* End XCBuildConfiguration section */

/* Begin XCConfigurationList section */
		1468BCCF20106DC9005142E2 /* Build configuration list for PBXProject "Cinematic Admin" */ = {
			isa = XCConfigurationList;
			buildConfigurations = (
				1468BCFA20106DC9005142E2 /* Debug */,
				1468BCFB20106DC9005142E2 /* Release */,
			);
			defaultConfigurationIsVisible = 0;
			defaultConfigurationName = Release;
		};
		1468BCFC20106DC9005142E2 /* Build configuration list for PBXNativeTarget "Cinematic Admin" */ = {
			isa = XCConfigurationList;
			buildConfigurations = (
				1468BCFD20106DC9005142E2 /* Debug */,
				1468BCFE20106DC9005142E2 /* Release */,
			);
			defaultConfigurationIsVisible = 0;
			defaultConfigurationName = Release;
		};
		1468BCFF20106DC9005142E2 /* Build configuration list for PBXNativeTarget "Cinematic AdminTests" */ = {
			isa = XCConfigurationList;
			buildConfigurations = (
				1468BD0020106DC9005142E2 /* Debug */,
				1468BD0120106DC9005142E2 /* Release */,
			);
			defaultConfigurationIsVisible = 0;
			defaultConfigurationName = Release;
		};
		1468BD0220106DC9005142E2 /* Build configuration list for PBXNativeTarget "Cinematic AdminUITests" */ = {
			isa = XCConfigurationList;
			buildConfigurations = (
				1468BD0320106DC9005142E2 /* Debug */,
				1468BD0420106DC9005142E2 /* Release */,
			);
			defaultConfigurationIsVisible = 0;
			defaultConfigurationName = Release;
		};
/* End XCConfigurationList section */
	};
	rootObject = 1468BCCC20106DC9005142E2 /* Project object */;
}
